
Microsoft Visual Studio Solution File, Format Version 12.00
# Visual Studio 2012
Project("{FAE04EC0-301F-11D3-BF4B-00C04F79EFBC}") = "Web", "Web\Web.csproj", "{A8D2C8D2-890A-4F14-A356-7C47FC7560E9}"
EndProject
Project("{FAE04EC0-301F-11D3-BF4B-00C04F79EFBC}") = "Web.Web", "Web.Web\Web.Web.csproj", "{F756E53E-338A-4A97-BB21-7E06D102DCEB}"
EndProject
Global
	GlobalSection(SolutionConfigurationPlatforms) = preSolution
		Debug|Any CPU = Debug|Any CPU
		Release|Any CPU = Release|Any CPU
	EndGlobalSection
	GlobalSection(ProjectConfigurationPlatforms) = postSolution
		{A8D2C8D2-890A-4F14-A356-7C47FC7560E9}.Debug|Any CPU.ActiveCfg = Debug|Any CPU
		{A8D2C8D2-890A-4F14-A356-7C47FC7560E9}.Debug|Any CPU.Build.0 = Debug|Any CPU
		{A8D2C8D2-890A-4F14-A356-7C47FC7560E9}.Release|Any CPU.ActiveCfg = Release|Any CPU
		{A8D2C8D2-890A-4F14-A356-7C47FC7560E9}.Release|Any CPU.Build.0 = Release|Any CPU
		{F756E53E-338A-4A97-BB21-7E06D102DCEB}.Debug|Any CPU.ActiveCfg = Debug|Any CPU
		{F756E53E-338A-4A97-BB21-7E06D102DCEB}.Debug|Any CPU.Build.0 = Debug|Any CPU
		{F756E53E-338A-4A97-BB21-7E06D102DCEB}.Release|Any CPU.ActiveCfg = Release|Any CPU
		{F756E53E-338A-4A97-BB21-7E06D102DCEB}.Release|Any CPU.Build.0 = Release|Any CPU
	EndGlobalSection
	GlobalSection(SolutionProperties) = preSolution
		HideSolutionNode = FALSE
	EndGlobalSection
EndGlobal
